
Microsoft Visual Studio Solution File, Format Version 12.00
# Visual Studio 15
VisualStudioVersion = 15.0.27130.2026
MinimumVisualStudioVersion = 10.0.40219.1
Project("{FAE04EC0-301F-11D3-BF4B-00C04F79EFBC}") = "PomegranateBotCode", "PomegranateBotCode\PomegranateBotCode.csproj", "{49EB8636-B638-40DD-BD7F-340C4A577A38}"
EndProject
Global
	GlobalSection(SolutionConfigurationPlatforms) = preSolution
		Debug|Any CPU = Debug|Any CPU
		Release|Any CPU = Release|Any CPU
	EndGlobalSection
	GlobalSection(ProjectConfigurationPlatforms) = postSolution
		{49EB8636-B638-40DD-BD7F-340C4A577A38}.Debug|Any CPU.ActiveCfg = Debug|Any CPU
		{49EB8636-B638-40DD-BD7F-340C4A577A38}.Debug|Any CPU.Build.0 = Debug|Any CPU
		{49EB8636-B638-40DD-BD7F-340C4A577A38}.Release|Any CPU.ActiveCfg = Release|Any CPU
		{49EB8636-B638-40DD-BD7F-340C4A577A38}.Release|Any CPU.Build.0 = Release|Any CPU
	EndGlobalSection
	GlobalSection(SolutionProperties) = preSolution
		HideSolutionNode = FALSE
	EndGlobalSection
	GlobalSection(ExtensibilityGlobals) = postSolution
		SolutionGuid = {C88EE976-812B-4B5E-B754-75A1F148EBB3}
	EndGlobalSection
EndGlobal
